
Microsoft Visual Studio Solution File, Format Version 12.00
# Visual Studio Version 17
VisualStudioVersion = 17.6.33815.320
MinimumVisualStudioVersion = 10.0.40219.1
Project("{FAE04EC0-301F-11D3-BF4B-00C04F79EFBC}") = "DirectoryWalker", "DirectoryWalker\DirectoryWalker.csproj", "{F2B401CF-346B-4FD8-9A80-94B53F29A4A9}"
EndProject
Project("{FAE04EC0-301F-11D3-BF4B-00C04F79EFBC}") = "DirectoryWalker.Core", "DirectoryWalker.Core\DirectoryWalker.Core.csproj", "{B6AF769C-5C75-4770-8B66-34A6E7BDDDD4}"
EndProject
Global
	GlobalSection(SolutionConfigurationPlatforms) = preSolution
		Debug|Any CPU = Debug|Any CPU
		Release|Any CPU = Release|Any CPU
	EndGlobalSection
	GlobalSection(ProjectConfigurationPlatforms) = postSolution
		{F2B401CF-346B-4FD8-9A80-94B53F29A4A9}.Debug|Any CPU.ActiveCfg = Debug|Any CPU
		{F2B401CF-346B-4FD8-9A80-94B53F29A4A9}.Debug|Any CPU.Build.0 = Debug|Any CPU
		{F2B401CF-346B-4FD8-9A80-94B53F29A4A9}.Release|Any CPU.ActiveCfg = Release|Any CPU
		{F2B401CF-346B-4FD8-9A80-94B53F29A4A9}.Release|Any CPU.Build.0 = Release|Any CPU
		{B6AF769C-5C75-4770-8B66-34A6E7BDDDD4}.Debug|Any CPU.ActiveCfg = Debug|Any CPU
		{B6AF769C-5C75-4770-8B66-34A6E7BDDDD4}.Debug|Any CPU.Build.0 = Debug|Any CPU
		{B6AF769C-5C75-4770-8B66-34A6E7BDDDD4}.Release|Any CPU.ActiveCfg = Release|Any CPU
		{B6AF769C-5C75-4770-8B66-34A6E7BDDDD4}.Release|Any CPU.Build.0 = Release|Any CPU
	EndGlobalSection
	GlobalSection(SolutionProperties) = preSolution
		HideSolutionNode = FALSE
	EndGlobalSection
	GlobalSection(ExtensibilityGlobals) = postSolution
		SolutionGuid = {D2D098A3-0A77-4E06-8915-3B0BF1E650BD}
	EndGlobalSection
EndGlobal
